
Microsoft Visual Studio Solution File, Format Version 12.00
# Visual Studio 14
VisualStudioVersion = 14.0.25420.1
MinimumVisualStudioVersion = 10.0.40219.1
Project("{FAE04EC0-301F-11D3-BF4B-00C04F79EFBC}") = "Bai8", "Bai8\Bai8.csproj", "{54688036-36C1-4A5A-B996-55BC49602D62}"
EndProject
Project("{FAE04EC0-301F-11D3-BF4B-00C04F79EFBC}") = "Bai7", "..\Bai7\Bai7\Bai7.csproj", "{DFF7E0BB-7D2F-40B9-B4FB-D5EDCFF4C638}"
EndProject
Global
	GlobalSection(SolutionConfigurationPlatforms) = preSolution
		Debug|Any CPU = Debug|Any CPU
		Release|Any CPU = Release|Any CPU
	EndGlobalSection
	GlobalSection(ProjectConfigurationPlatforms) = postSolution
		{54688036-36C1-4A5A-B996-55BC49602D62}.Debug|Any CPU.ActiveCfg = Debug|Any CPU
		{54688036-36C1-4A5A-B996-55BC49602D62}.Debug|Any CPU.Build.0 = Debug|Any CPU
		{54688036-36C1-4A5A-B996-55BC49602D62}.Release|Any CPU.ActiveCfg = Release|Any CPU
		{54688036-36C1-4A5A-B996-55BC49602D62}.Release|Any CPU.Build.0 = Release|Any CPU
		{DFF7E0BB-7D2F-40B9-B4FB-D5EDCFF4C638}.Debug|Any CPU.ActiveCfg = Debug|Any CPU
		{DFF7E0BB-7D2F-40B9-B4FB-D5EDCFF4C638}.Debug|Any CPU.Build.0 = Debug|Any CPU
		{DFF7E0BB-7D2F-40B9-B4FB-D5EDCFF4C638}.Release|Any CPU.ActiveCfg = Release|Any CPU
		{DFF7E0BB-7D2F-40B9-B4FB-D5EDCFF4C638}.Release|Any CPU.Build.0 = Release|Any CPU
	EndGlobalSection
	GlobalSection(SolutionProperties) = preSolution
		HideSolutionNode = FALSE
	EndGlobalSection
EndGlobal
